
Microsoft Visual Studio Solution File, Format Version 12.00
# Visual Studio Version 16
VisualStudioVersion = 16.0.30114.105
MinimumVisualStudioVersion = 10.0.40219.1
Project("{FAE04EC0-301F-11D3-BF4B-00C04F79EFBC}") = "ToyProblems", "ToyProblems\ToyProblems.csproj", "{042C5E0B-411B-438D-B7E2-2263CE0A56A6}"
EndProject
Project("{FAE04EC0-301F-11D3-BF4B-00C04F79EFBC}") = "ToyProblems.Test", "ToyProblems.Test\ToyProblems.Test.csproj", "{1AFF2FB3-E6D2-4037-8FFA-A2B6DA224EE3}"
EndProject
Global
	GlobalSection(SolutionConfigurationPlatforms) = preSolution
		Debug|Any CPU = Debug|Any CPU
		Release|Any CPU = Release|Any CPU
	EndGlobalSection
	GlobalSection(SolutionProperties) = preSolution
		HideSolutionNode = FALSE
	EndGlobalSection
	GlobalSection(ProjectConfigurationPlatforms) = postSolution
		{042C5E0B-411B-438D-B7E2-2263CE0A56A6}.Debug|Any CPU.ActiveCfg = Debug|Any CPU
		{042C5E0B-411B-438D-B7E2-2263CE0A56A6}.Debug|Any CPU.Build.0 = Debug|Any CPU
		{042C5E0B-411B-438D-B7E2-2263CE0A56A6}.Release|Any CPU.ActiveCfg = Release|Any CPU
		{042C5E0B-411B-438D-B7E2-2263CE0A56A6}.Release|Any CPU.Build.0 = Release|Any CPU
		{1AFF2FB3-E6D2-4037-8FFA-A2B6DA224EE3}.Debug|Any CPU.ActiveCfg = Debug|Any CPU
		{1AFF2FB3-E6D2-4037-8FFA-A2B6DA224EE3}.Debug|Any CPU.Build.0 = Debug|Any CPU
		{1AFF2FB3-E6D2-4037-8FFA-A2B6DA224EE3}.Release|Any CPU.ActiveCfg = Release|Any CPU
		{1AFF2FB3-E6D2-4037-8FFA-A2B6DA224EE3}.Release|Any CPU.Build.0 = Release|Any CPU
	EndGlobalSection
EndGlobal
